
Microsoft Visual Studio Solution File, Format Version 12.00
# Visual Studio Version 17
VisualStudioVersion = 17.7.34031.279
MinimumVisualStudioVersion = 10.0.40219.1
Project("{F184B08F-C81C-45F6-A57F-5ABD9991F28F}") = "4. List boxes", "4. List boxes.vbproj", "{C562BF27-DD16-4361-91DF-64503E7E6A2E}"
EndProject
Global
	GlobalSection(SolutionConfigurationPlatforms) = preSolution
		Debug|Any CPU = Debug|Any CPU
		Release|Any CPU = Release|Any CPU
	EndGlobalSection
	GlobalSection(ProjectConfigurationPlatforms) = postSolution
		{C562BF27-DD16-4361-91DF-64503E7E6A2E}.Debug|Any CPU.ActiveCfg = Debug|Any CPU
		{C562BF27-DD16-4361-91DF-64503E7E6A2E}.Debug|Any CPU.Build.0 = Debug|Any CPU
		{C562BF27-DD16-4361-91DF-64503E7E6A2E}.Release|Any CPU.ActiveCfg = Release|Any CPU
		{C562BF27-DD16-4361-91DF-64503E7E6A2E}.Release|Any CPU.Build.0 = Release|Any CPU
	EndGlobalSection
	GlobalSection(SolutionProperties) = preSolution
		HideSolutionNode = FALSE
	EndGlobalSection
	GlobalSection(ExtensibilityGlobals) = postSolution
		SolutionGuid = {AF52FA1A-CC0B-4006-885B-22AF8557F45B}
	EndGlobalSection
EndGlobal
